// !$*UTF8*$!
{
	archiveVersion = 1;
	classes = {
	};
	objectVersion = 56;
	objects = {

/* Begin PBXBuildFile section */
		AST001 /* Assets.xcassets in Resources */ = {isa = PBXBuildFile; fileRef = RES003 /* Assets.xcassets */; };
		APP001 /* BatMonApp.swift in Sources */ = {isa = PBXBuildFile; fileRef = SRC001 /* BatMonApp.swift */; };
		APP002 /* AppDelegate.swift in Sources */ = {isa = PBXBuildFile; fileRef = SRC002 /* AppDelegate.swift */; };
		CEA4F47CC5A503630407F630 /* SFSymbolPicker.swift in Sources */ = {isa = PBXBuildFile; fileRef = 86EBD4ACDF0A895EDD8D0D2E /* SFSymbolPicker.swift */; };
		MDL001 /* ZMKKeyboard.swift in Sources */ = {isa = PBXBuildFile; fileRef = SRC003 /* ZMKKeyboard.swift */; };
		MDL002 /* BatteryLevel.swift in Sources */ = {isa = PBXBuildFile; fileRef = SRC004 /* BatteryLevel.swift */; };
		MDL003 /* KeyboardHalf.swift in Sources */ = {isa = PBXBuildFile; fileRef = SRC005 /* KeyboardHalf.swift */; };
		MDL004 /* ConnectionState.swift in Sources */ = {isa = PBXBuildFile; fileRef = SRC006 /* ConnectionState.swift */; };
		MDL005 /* AppSettings.swift in Sources */ = {isa = PBXBuildFile; fileRef = SRC007 /* AppSettings.swift */; };
		MGR001 /* BluetoothManager.swift in Sources */ = {isa = PBXBuildFile; fileRef = SRC008 /* BluetoothManager.swift */; };
		MGR002 /* PreferencesManager.swift in Sources */ = {isa = PBXBuildFile; fileRef = SRC009 /* PreferencesManager.swift */; };
		MGR003 /* NotificationManager.swift in Sources */ = {isa = PBXBuildFile; fileRef = SRC010 /* NotificationManager.swift */; };
		UTL001 /* Constants.swift in Sources */ = {isa = PBXBuildFile; fileRef = SRC011 /* Constants.swift */; };
		UTL002 /* LaunchAtLogin.swift in Sources */ = {isa = PBXBuildFile; fileRef = SRC014 /* LaunchAtLogin.swift */; };
		VW001 /* MenuBarView.swift in Sources */ = {isa = PBXBuildFile; fileRef = SRC012 /* MenuBarView.swift */; };
		VW002 /* SettingsView.swift in Sources */ = {isa = PBXBuildFile; fileRef = SRC013 /* SettingsView.swift */; };
		VW003 /* BatIconView.swift in Sources */ = {isa = PBXBuildFile; fileRef = SRC015 /* BatIconView.swift */; };
/* End PBXBuildFile section */

/* Begin PBXFileReference section */
		86EBD4ACDF0A895EDD8D0D2E /* SFSymbolPicker.swift */ = {isa = PBXFileReference; includeInIndex = 1; lastKnownFileType = sourcecode.swift; path = SFSymbolPicker.swift; sourceTree = "<group>"; };
		PROD001 /* BatMon.app */ = {isa = PBXFileReference; explicitFileType = wrapper.application; includeInIndex = 0; path = BatMon.app; sourceTree = BUILT_PRODUCTS_DIR; };
		RES001 /* Info.plist */ = {isa = PBXFileReference; lastKnownFileType = text.plist.xml; path = Info.plist; sourceTree = "<group>"; };
		RES002 /* BatMon.entitlements */ = {isa = PBXFileReference; lastKnownFileType = text.plist.entitlements; path = BatMon.entitlements; sourceTree = "<group>"; };
		RES003 /* Assets.xcassets */ = {isa = PBXFileReference; lastKnownFileType = folder.assetcatalog; path = Assets.xcassets; sourceTree = "<group>"; };
		SRC001 /* BatMonApp.swift */ = {isa = PBXFileReference; lastKnownFileType = sourcecode.swift; path = BatMonApp.swift; sourceTree = "<group>"; };
		SRC002 /* AppDelegate.swift */ = {isa = PBXFileReference; lastKnownFileType = sourcecode.swift; path = AppDelegate.swift; sourceTree = "<group>"; };
		SRC003 /* ZMKKeyboard.swift */ = {isa = PBXFileReference; lastKnownFileType = sourcecode.swift; path = ZMKKeyboard.swift; sourceTree = "<group>"; };
		SRC004 /* BatteryLevel.swift */ = {isa = PBXFileReference; lastKnownFileType = sourcecode.swift; path = BatteryLevel.swift; sourceTree = "<group>"; };
		SRC005 /* KeyboardHalf.swift */ = {isa = PBXFileReference; lastKnownFileType = sourcecode.swift; path = KeyboardHalf.swift; sourceTree = "<group>"; };
		SRC006 /* ConnectionState.swift */ = {isa = PBXFileReference; lastKnownFileType = sourcecode.swift; path = ConnectionState.swift; sourceTree = "<group>"; };
		SRC007 /* AppSettings.swift */ = {isa = PBXFileReference; lastKnownFileType = sourcecode.swift; path = AppSettings.swift; sourceTree = "<group>"; };
		SRC008 /* BluetoothManager.swift */ = {isa = PBXFileReference; lastKnownFileType = sourcecode.swift; path = BluetoothManager.swift; sourceTree = "<group>"; };
		SRC009 /* PreferencesManager.swift */ = {isa = PBXFileReference; lastKnownFileType = sourcecode.swift; path = PreferencesManager.swift; sourceTree = "<group>"; };
		SRC010 /* NotificationManager.swift */ = {isa = PBXFileReference; lastKnownFileType = sourcecode.swift; path = NotificationManager.swift; sourceTree = "<group>"; };
		SRC011 /* Constants.swift */ = {isa = PBXFileReference; lastKnownFileType = sourcecode.swift; path = Constants.swift; sourceTree = "<group>"; };
		SRC012 /* MenuBarView.swift */ = {isa = PBXFileReference; lastKnownFileType = sourcecode.swift; path = MenuBarView.swift; sourceTree = "<group>"; };
		SRC013 /* SettingsView.swift */ = {isa = PBXFileReference; lastKnownFileType = sourcecode.swift; path = SettingsView.swift; sourceTree = "<group>"; };
		SRC014 /* LaunchAtLogin.swift */ = {isa = PBXFileReference; lastKnownFileType = sourcecode.swift; path = LaunchAtLogin.swift; sourceTree = "<group>"; };
		SRC015 /* BatIconView.swift */ = {isa = PBXFileReference; lastKnownFileType = sourcecode.swift; path = BatIconView.swift; sourceTree = "<group>"; };
/* End PBXFileReference section */

/* Begin PBXFrameworksBuildPhase section */
		FRM001 /* Frameworks */ = {
			isa = PBXFrameworksBuildPhase;
			buildActionMask = 2147483647;
			files = (
			);
			runOnlyForDeploymentPostprocessing = 0;
		};
/* End PBXFrameworksBuildPhase section */

/* Begin PBXGroup section */
		GRP001 /* BatMon */ = {
			isa = PBXGroup;
			children = (
				GRP002 /* App */,
				GRP003 /* Models */,
				GRP004 /* Managers */,
				GRP005 /* ViewModels */,
				GRP006 /* Views */,
				GRP007 /* Utilities */,
				GRP008 /* Resources */,
			);
			path = BatMon;
			sourceTree = "<group>";
		};
		GRP002 /* App */ = {
			isa = PBXGroup;
			children = (
				SRC001 /* BatMonApp.swift */,
				SRC002 /* AppDelegate.swift */,
			);
			path = App;
			sourceTree = "<group>";
		};
		GRP003 /* Models */ = {
			isa = PBXGroup;
			children = (
				SRC003 /* ZMKKeyboard.swift */,
				SRC004 /* BatteryLevel.swift */,
				SRC005 /* KeyboardHalf.swift */,
				SRC006 /* ConnectionState.swift */,
				SRC007 /* AppSettings.swift */,
			);
			path = Models;
			sourceTree = "<group>";
		};
		GRP004 /* Managers */ = {
			isa = PBXGroup;
			children = (
				SRC008 /* BluetoothManager.swift */,
				SRC009 /* PreferencesManager.swift */,
				SRC010 /* NotificationManager.swift */,
			);
			path = Managers;
			sourceTree = "<group>";
		};
		GRP005 /* ViewModels */ = {
			isa = PBXGroup;
			children = (
			);
			path = ViewModels;
			sourceTree = "<group>";
		};
		GRP006 /* Views */ = {
			isa = PBXGroup;
			children = (
				GRP006A /* MenuBar */,
				GRP006B /* Settings */,
				GRP006C /* KeyboardSelection */,
				GRP006D /* Setup */,
			);
			path = Views;
			sourceTree = "<group>";
		};
		GRP006A /* MenuBar */ = {
			isa = PBXGroup;
			children = (
				SRC012 /* MenuBarView.swift */,
				SRC015 /* BatIconView.swift */,
			);
			path = MenuBar;
			sourceTree = "<group>";
		};
		GRP006B /* Settings */ = {
			isa = PBXGroup;
			children = (
				SRC013 /* SettingsView.swift */,
				86EBD4ACDF0A895EDD8D0D2E /* SFSymbolPicker.swift */,
			);
			path = Settings;
			sourceTree = "<group>";
		};
		GRP006C /* KeyboardSelection */ = {
			isa = PBXGroup;
			children = (
			);
			path = KeyboardSelection;
			sourceTree = "<group>";
		};
		GRP006D /* Setup */ = {
			isa = PBXGroup;
			children = (
			);
			path = Setup;
			sourceTree = "<group>";
		};
		GRP007 /* Utilities */ = {
			isa = PBXGroup;
			children = (
				SRC011 /* Constants.swift */,
				SRC014 /* LaunchAtLogin.swift */,
			);
			path = Utilities;
			sourceTree = "<group>";
		};
		GRP008 /* Resources */ = {
			isa = PBXGroup;
			children = (
				RES001 /* Info.plist */,
				RES002 /* BatMon.entitlements */,
				RES003 /* Assets.xcassets */,
			);
			path = Resources;
			sourceTree = "<group>";
		};
		GRP010 /* Products */ = {
			isa = PBXGroup;
			children = (
				PROD001 /* BatMon.app */,
			);
			name = Products;
			sourceTree = "<group>";
		};
		ROOT = {
			isa = PBXGroup;
			children = (
				GRP001 /* BatMon */,
				GRP010 /* Products */,
			);
			sourceTree = "<group>";
		};
/* End PBXGroup section */

/* Begin PBXNativeTarget section */
		TGT001 /* BatMon */ = {
			isa = PBXNativeTarget;
			buildConfigurationList = CFG003 /* Build configuration list for PBXNativeTarget "BatMon" */;
			buildPhases = (
				SRC000 /* Sources */,
				FRM001 /* Frameworks */,
				RSC001 /* Resources */,
			);
			buildRules = (
			);
			dependencies = (
			);
			name = BatMon;
			productName = BatMon;
			productReference = PROD001 /* BatMon.app */;
			productType = "com.apple.product-type.application";
		};
/* End PBXNativeTarget section */

/* Begin PBXProject section */
		PRJ001 /* Project object */ = {
			isa = PBXProject;
			attributes = {
				BuildIndependentTargetsInParallel = 1;
				LastSwiftUpdateCheck = 1500;
				LastUpgradeCheck = 1500;
				TargetAttributes = {
					TGT001 = {
						CreatedOnToolsVersion = 15.0;
					};
				};
			};
			buildConfigurationList = CFG001 /* Build configuration list for PBXProject "BatMon" */;
			compatibilityVersion = "Xcode 14.0";
			developmentRegion = en;
			hasScannedForEncodings = 0;
			knownRegions = (
				en,
				Base,
			);
			mainGroup = ROOT;
			productRefGroup = GRP010 /* Products */;
			projectDirPath = "";
			projectRoot = "";
			targets = (
				TGT001 /* BatMon */,
			);
		};
/* End PBXProject section */

/* Begin PBXResourcesBuildPhase section */
		RSC001 /* Resources */ = {
			isa = PBXResourcesBuildPhase;
			buildActionMask = 2147483647;
			files = (
				AST001 /* Assets.xcassets in Resources */,
			);
			runOnlyForDeploymentPostprocessing = 0;
		};
/* End PBXResourcesBuildPhase section */

/* Begin PBXSourcesBuildPhase section */
		SRC000 /* Sources */ = {
			isa = PBXSourcesBuildPhase;
			buildActionMask = 2147483647;
			files = (
				APP001 /* BatMonApp.swift in Sources */,
				APP002 /* AppDelegate.swift in Sources */,
				MDL001 /* ZMKKeyboard.swift in Sources */,
				MDL002 /* BatteryLevel.swift in Sources */,
				MDL003 /* KeyboardHalf.swift in Sources */,
				MDL004 /* ConnectionState.swift in Sources */,
				MDL005 /* AppSettings.swift in Sources */,
				MGR001 /* BluetoothManager.swift in Sources */,
				MGR002 /* PreferencesManager.swift in Sources */,
				MGR003 /* NotificationManager.swift in Sources */,
				UTL001 /* Constants.swift in Sources */,
				UTL002 /* LaunchAtLogin.swift in Sources */,
				VW001 /* MenuBarView.swift in Sources */,
				VW002 /* SettingsView.swift in Sources */,
				VW003 /* BatIconView.swift in Sources */,
				CEA4F47CC5A503630407F630 /* SFSymbolPicker.swift in Sources */,
			);
			runOnlyForDeploymentPostprocessing = 0;
		};
/* End PBXSourcesBuildPhase section */

/* Begin XCBuildConfiguration section */
		CFG002 /* Debug */ = {
			isa = XCBuildConfiguration;
			buildSettings = {
				ALWAYS_SEARCH_USER_PATHS = NO;
				ASSETCATALOG_COMPILER_GENERATE_SWIFT_ASSET_SYMBOL_EXTENSIONS = YES;
				CLANG_ANALYZER_NONNULL = YES;
				CLANG_ANALYZER_NUMBER_OBJECT_CONVERSION = YES_AGGRESSIVE;
				CLANG_CXX_LANGUAGE_STANDARD = "gnu++20";
				CLANG_ENABLE_MODULES = YES;
				CLANG_ENABLE_OBJC_ARC = YES;
				CLANG_ENABLE_OBJC_WEAK = YES;
				CLANG_WARN_BLOCK_CAPTURE_AUTORELEASING = YES;
				CLANG_WARN_BOOL_CONVERSION = YES;
				CLANG_WARN_COMMA = YES;
				CLANG_WARN_CONSTANT_CONVERSION = YES;
				CLANG_WARN_DEPRECATED_OBJC_IMPLEMENTATIONS = YES;
				CLANG_WARN_DIRECT_OBJC_ISA_USAGE = YES_ERROR;
				CLANG_WARN_DOCUMENTATION_COMMENTS = YES;
				CLANG_WARN_EMPTY_BODY = YES;
				CLANG_WARN_ENUM_CONVERSION = YES;
				CLANG_WARN_INFINITE_RECURSION = YES;
				CLANG_WARN_INT_CONVERSION = YES;
				CLANG_WARN_NON_LITERAL_NULL_CONVERSION = YES;
				CLANG_WARN_OBJC_IMPLICIT_RETAIN_SELF = YES;
				CLANG_WARN_OBJC_LITERAL_CONVERSION = YES;
				CLANG_WARN_OBJC_ROOT_CLASS = YES_ERROR;
				CLANG_WARN_QUOTED_INCLUDE_IN_FRAMEWORK_HEADER = YES;
				CLANG_WARN_RANGE_LOOP_ANALYSIS = YES;
				CLANG_WARN_STRICT_PROTOTYPES = YES;
				CLANG_WARN_SUSPICIOUS_MOVE = YES;
				CLANG_WARN_UNGUARDED_AVAILABILITY = YES_AGGRESSIVE;
				CLANG_WARN_UNREACHABLE_CODE = YES;
				CLANG_WARN__DUPLICATE_METHOD_MATCH = YES;
				COPY_PHASE_STRIP = NO;
				DEBUG_INFORMATION_FORMAT = dwarf;
				ENABLE_STRICT_OBJC_MSGSEND = YES;
				ENABLE_TESTABILITY = YES;
				ENABLE_USER_SCRIPT_SANDBOXING = YES;
				GCC_C_LANGUAGE_STANDARD = gnu17;
				GCC_DYNAMIC_NO_PIC = NO;
				GCC_NO_COMMON_BLOCKS = YES;
				GCC_OPTIMIZATION_LEVEL = 0;
				GCC_PREPROCESSOR_DEFINITIONS = (
					"DEBUG=1",
					"$(inherited)",
				);
				GCC_WARN_64_TO_32_BIT_CONVERSION = YES;
				GCC_WARN_ABOUT_RETURN_TYPE = YES_ERROR;
				GCC_WARN_UNDECLARED_SELECTOR = YES;
				GCC_WARN_UNINITIALIZED_AUTOS = YES_AGGRESSIVE;
				GCC_WARN_UNUSED_FUNCTION = YES;
				GCC_WARN_UNUSED_VARIABLE = YES;
				LOCALIZATION_PREFERS_STRING_CATALOGS = YES;
				MACOSX_DEPLOYMENT_TARGET = 14.0;
				MTL_ENABLE_DEBUG_INFO = INCLUDE_SOURCE;
				MTL_FAST_MATH = YES;
				ONLY_ACTIVE_ARCH = YES;
				SDKROOT = macosx;
				SWIFT_ACTIVE_COMPILATION_CONDITIONS = "DEBUG $(inherited)";
				SWIFT_OPTIMIZATION_LEVEL = "-Onone";
			};
			name = Debug;
		};
		CFG002R /* Release */ = {
			isa = XCBuildConfiguration;
			buildSettings = {
				ALWAYS_SEARCH_USER_PATHS = NO;
				ASSETCATALOG_COMPILER_GENERATE_SWIFT_ASSET_SYMBOL_EXTENSIONS = YES;
				CLANG_ANALYZER_NONNULL = YES;
				CLANG_ANALYZER_NUMBER_OBJECT_CONVERSION = YES_AGGRESSIVE;
				CLANG_CXX_LANGUAGE_STANDARD = "gnu++20";
				CLANG_ENABLE_MODULES = YES;
				CLANG_ENABLE_OBJC_ARC = YES;
				CLANG_ENABLE_OBJC_WEAK = YES;
				CLANG_WARN_BLOCK_CAPTURE_AUTORELEASING = YES;
				CLANG_WARN_BOOL_CONVERSION = YES;
				CLANG_WARN_COMMA = YES;
				CLANG_WARN_CONSTANT_CONVERSION = YES;
				CLANG_WARN_DEPRECATED_OBJC_IMPLEMENTATIONS = YES;
				CLANG_WARN_DIRECT_OBJC_ISA_USAGE = YES_ERROR;
				CLANG_WARN_DOCUMENTATION_COMMENTS = YES;
				CLANG_WARN_EMPTY_BODY = YES;
				CLANG_WARN_ENUM_CONVERSION = YES;
				CLANG_WARN_INFINITE_RECURSION = YES;
				CLANG_WARN_INT_CONVERSION = YES;
				CLANG_WARN_NON_LITERAL_NULL_CONVERSION = YES;
				CLANG_WARN_OBJC_IMPLICIT_RETAIN_SELF = YES;
				CLANG_WARN_OBJC_LITERAL_CONVERSION = YES;
				CLANG_WARN_OBJC_ROOT_CLASS = YES_ERROR;
				CLANG_WARN_QUOTED_INCLUDE_IN_FRAMEWORK_HEADER = YES;
				CLANG_WARN_RANGE_LOOP_ANALYSIS = YES;
				CLANG_WARN_STRICT_PROTOTYPES = YES;
				CLANG_WARN_SUSPICIOUS_MOVE = YES;
				CLANG_WARN_UNGUARDED_AVAILABILITY = YES_AGGRESSIVE;
				CLANG_WARN_UNREACHABLE_CODE = YES;
				CLANG_WARN__DUPLICATE_METHOD_MATCH = YES;
				COPY_PHASE_STRIP = NO;
				DEBUG_INFORMATION_FORMAT = "dwarf-with-dsym";
				ENABLE_NS_ASSERTIONS = NO;
				ENABLE_STRICT_OBJC_MSGSEND = YES;
				ENABLE_USER_SCRIPT_SANDBOXING = YES;
				GCC_C_LANGUAGE_STANDARD = gnu17;
				GCC_NO_COMMON_BLOCKS = YES;
				GCC_WARN_64_TO_32_BIT_CONVERSION = YES;
				GCC_WARN_ABOUT_RETURN_TYPE = YES_ERROR;
				GCC_WARN_UNDECLARED_SELECTOR = YES;
				GCC_WARN_UNINITIALIZED_AUTOS = YES_AGGRESSIVE;
				GCC_WARN_UNUSED_FUNCTION = YES;
				GCC_WARN_UNUSED_VARIABLE = YES;
				LOCALIZATION_PREFERS_STRING_CATALOGS = YES;
				MACOSX_DEPLOYMENT_TARGET = 14.0;
				MTL_ENABLE_DEBUG_INFO = NO;
				MTL_FAST_MATH = YES;
				SDKROOT = macosx;
				SWIFT_COMPILATION_MODE = wholemodule;
			};
			name = Release;
		};
		CFG004 /* Debug */ = {
			isa = XCBuildConfiguration;
			buildSettings = {
				ASSETCATALOG_COMPILER_APPICON_NAME = AppIcon;
				ASSETCATALOG_COMPILER_GLOBAL_ACCENT_COLOR_NAME = AccentColor;
				CODE_SIGN_ENTITLEMENTS = BatMon/Resources/BatMon.entitlements;
				CODE_SIGN_STYLE = Automatic;
				COMBINE_HIDPI_IMAGES = YES;
				CURRENT_PROJECT_VERSION = 1;
				DEVELOPMENT_TEAM = "";
				ENABLE_HARDENED_RUNTIME = YES;
				GENERATE_INFOPLIST_FILE = NO;
				INFOPLIST_FILE = BatMon/Resources/Info.plist;
				INFOPLIST_KEY_LSApplicationCategoryType = "public.app-category.utilities";
				INFOPLIST_KEY_NSHumanReadableCopyright = "Copyright 2026 Paolo. MIT License.";
				LD_RUNPATH_SEARCH_PATHS = (
					"$(inherited)",
					"@executable_path/../Frameworks",
				);
				MARKETING_VERSION = 1.0.0;
				PRODUCT_BUNDLE_IDENTIFIER = "com.paolo.bat-mon";
				PRODUCT_NAME = "$(TARGET_NAME)";
				SWIFT_EMIT_LOC_STRINGS = YES;
				SWIFT_VERSION = 5.0;
			};
			name = Debug;
		};
		CFG004R /* Release */ = {
			isa = XCBuildConfiguration;
			buildSettings = {
				ASSETCATALOG_COMPILER_APPICON_NAME = AppIcon;
				ASSETCATALOG_COMPILER_GLOBAL_ACCENT_COLOR_NAME = AccentColor;
				CODE_SIGN_ENTITLEMENTS = BatMon/Resources/BatMon.entitlements;
				CODE_SIGN_STYLE = Automatic;
				COMBINE_HIDPI_IMAGES = YES;
				CURRENT_PROJECT_VERSION = 1;
				DEVELOPMENT_TEAM = "";
				ENABLE_HARDENED_RUNTIME = YES;
				GENERATE_INFOPLIST_FILE = NO;
				INFOPLIST_FILE = BatMon/Resources/Info.plist;
				INFOPLIST_KEY_LSApplicationCategoryType = "public.app-category.utilities";
				INFOPLIST_KEY_NSHumanReadableCopyright = "Copyright 2026 Paolo. MIT License.";
				LD_RUNPATH_SEARCH_PATHS = (
					"$(inherited)",
					"@executable_path/../Frameworks",
				);
				MARKETING_VERSION = 1.0.0;
				PRODUCT_BUNDLE_IDENTIFIER = "com.paolo.bat-mon";
				PRODUCT_NAME = "$(TARGET_NAME)";
				SWIFT_EMIT_LOC_STRINGS = YES;
				SWIFT_VERSION = 5.0;
			};
			name = Release;
		};
/* End XCBuildConfiguration section */

/* Begin XCConfigurationList section */
		CFG001 /* Build configuration list for PBXProject "BatMon" */ = {
			isa = XCConfigurationList;
			buildConfigurations = (
				CFG002 /* Debug */,
				CFG002R /* Release */,
			);
			defaultConfigurationIsVisible = 0;
			defaultConfigurationName = Release;
		};
		CFG003 /* Build configuration list for PBXNativeTarget "BatMon" */ = {
			isa = XCConfigurationList;
			buildConfigurations = (
				CFG004 /* Debug */,
				CFG004R /* Release */,
			);
			defaultConfigurationIsVisible = 0;
			defaultConfigurationName = Release;
		};
/* End XCConfigurationList section */
	};
	rootObject = PRJ001 /* Project object */;
}
